{
  "version": 4,
  "terraform_version": "0.12.21",
  "serial": 9,
  "lineage": "dcdb3ced-ab97-977d-c6b3-8f7a295f77e6",
  "outputs": {},
  "resources": [
    {
      "mode": "managed",
      "type": "google_compute_firewall",
      "name": "default",
      "provider": "provider.google",
      "instances": [
        {
          "schema_version": 1,
          "attributes": {
            "allow": [
              {
                "ports": [
                  "5000",
                  "8080",
                  "5555"
                ],
                "protocol": "tcp"
              }
            ],
            "creation_timestamp": "2020-03-12T00:30:44.212-07:00",
            "deny": [],
            "description": "",
            "destination_ranges": [],
            "direction": "INGRESS",
            "disabled": false,
            "enable_logging": false,
            "id": "projects/dev-analytics-270905/global/firewalls/django-custom-ports",
            "name": "django-custom-ports",
            "network": "https://www.googleapis.com/compute/v1/projects/dev-analytics-270905/global/networks/default",
            "priority": 1000,
            "project": "dev-analytics-270905",
            "self_link": "https://www.googleapis.com/compute/v1/projects/dev-analytics-270905/global/firewalls/django-custom-ports",
            "source_ranges": [
              "0.0.0.0/0"
            ],
            "source_service_accounts": null,
            "source_tags": null,
            "target_service_accounts": null,
            "target_tags": [
              "django"
            ],
            "timeouts": null
          },
          "private": "eyJlMmJmYjczMC1lY2FhLTExZTYtOGY4OC0zNDM2M2JjN2M0YzAiOnsiY3JlYXRlIjoyNDAwMDAwMDAwMDAsImRlbGV0ZSI6MjQwMDAwMDAwMDAwLCJ1cGRhdGUiOjI0MDAwMDAwMDAwMH0sInNjaGVtYV92ZXJzaW9uIjoiMSJ9"
        }
      ]
    },
    {
      "mode": "managed",
      "type": "google_compute_instance",
      "name": "default",
      "provider": "provider.google",
      "instances": [
        {
          "schema_version": 6,
          "attributes": {
            "allow_stopping_for_update": null,
            "attached_disk": [],
            "boot_disk": [
              {
                "auto_delete": true,
                "device_name": "persistent-disk-0",
                "disk_encryption_key_raw": "",
                "disk_encryption_key_sha256": "",
                "initialize_params": [
                  {
                    "image": "https://www.googleapis.com/compute/v1/projects/centos-cloud/global/images/centos-7-v20200309",
                    "labels": {},
                    "size": 10,
                    "type": "pd-standard"
                  }
                ],
                "kms_key_self_link": "",
                "mode": "READ_WRITE",
                "source": "https://www.googleapis.com/compute/v1/projects/dev-analytics-270905/zones/asia-southeast1-b/disks/analytics-dev"
              }
            ],
            "can_ip_forward": false,
            "cpu_platform": "Intel Broadwell",
            "deletion_protection": false,
            "description": "",
            "enable_display": false,
            "guest_accelerator": [],
            "hostname": "",
            "id": "projects/dev-analytics-270905/zones/asia-southeast1-b/instances/analytics-dev",
            "instance_id": "8502347489301786396",
            "label_fingerprint": "42WmSpB8rSM=",
            "labels": {},
            "machine_type": "e2-small",
            "metadata": {},
            "metadata_fingerprint": "Vz160GwCM4s=",
            "metadata_startup_script": "echo terraform test \u003e /ter-test.txt; sudo yum install telnet unzip -y",
            "min_cpu_platform": "",
            "name": "analytics-dev",
            "network_interface": [
              {
                "access_config": [
                  {
                    "nat_ip": "34.87.190.85",
                    "network_tier": "PREMIUM",
                    "public_ptr_domain_name": ""
                  }
                ],
                "alias_ip_range": [],
                "name": "nic0",
                "network": "https://www.googleapis.com/compute/v1/projects/dev-analytics-270905/global/networks/default",
                "network_ip": "10.148.0.3",
                "subnetwork": "https://www.googleapis.com/compute/v1/projects/dev-analytics-270905/regions/asia-southeast1/subnetworks/default",
                "subnetwork_project": "dev-analytics-270905"
              }
            ],
            "project": "dev-analytics-270905",
            "scheduling": [
              {
                "automatic_restart": true,
                "node_affinities": [],
                "on_host_maintenance": "MIGRATE",
                "preemptible": false
              }
            ],
            "scratch_disk": [],
            "self_link": "https://www.googleapis.com/compute/v1/projects/dev-analytics-270905/zones/asia-southeast1-b/instances/analytics-dev",
            "service_account": [],
            "shielded_instance_config": [],
            "tags": [
              "django",
              "http-server",
              "https-server"
            ],
            "tags_fingerprint": "RP_WXlkEPw4=",
            "timeouts": null,
            "zone": "asia-southeast1-b"
          },
          "private": "eyJlMmJmYjczMC1lY2FhLTExZTYtOGY4OC0zNDM2M2JjN2M0YzAiOnsiY3JlYXRlIjoxMjAwMDAwMDAwMDAwLCJkZWxldGUiOjEyMDAwMDAwMDAwMDAsInVwZGF0ZSI6MTIwMDAwMDAwMDAwMH0sInNjaGVtYV92ZXJzaW9uIjoiNiJ9"
        }
      ]
    }
  ]
}
